
Microsoft Visual Studio Solution File, Format Version 12.00
# Visual Studio Version 17
VisualStudioVersion = 17.1.32228.430
MinimumVisualStudioVersion = 10.0.40219.1
Project("{FAE04EC0-301F-11D3-BF4B-00C04F79EFBC}") = "AddressBookSys", "AddressBookSys\AddressBookSys.csproj", "{BDA337AA-B243-4F8D-B93B-98B244ACB9EE}"
EndProject
Project("{2150E333-8FDC-42A3-9474-1A3956D46DE8}") = "Solution Items", "Solution Items", "{EDB4E7D6-E115-44DB-B38A-1EC457162F19}"
	ProjectSection(SolutionItems) = preProject
		.editorconfig = .editorconfig
	EndProjectSection
EndProject
Global
	GlobalSection(SolutionConfigurationPlatforms) = preSolution
		Debug|Any CPU = Debug|Any CPU
		Release|Any CPU = Release|Any CPU
	EndGlobalSection
	GlobalSection(ProjectConfigurationPlatforms) = postSolution
		{BDA337AA-B243-4F8D-B93B-98B244ACB9EE}.Debug|Any CPU.ActiveCfg = Debug|Any CPU
		{BDA337AA-B243-4F8D-B93B-98B244ACB9EE}.Debug|Any CPU.Build.0 = Debug|Any CPU
		{BDA337AA-B243-4F8D-B93B-98B244ACB9EE}.Release|Any CPU.ActiveCfg = Release|Any CPU
		{BDA337AA-B243-4F8D-B93B-98B244ACB9EE}.Release|Any CPU.Build.0 = Release|Any CPU
	EndGlobalSection
	GlobalSection(SolutionProperties) = preSolution
		HideSolutionNode = FALSE
	EndGlobalSection
	GlobalSection(ExtensibilityGlobals) = postSolution
		SolutionGuid = {67C7406D-B852-4FDE-9FD7-CB87C35B3604}
	EndGlobalSection
EndGlobal
